{
  "requires": true,
  "lockfileVersion": 1,
  "dependencies": {
    "clsx": {
      "version": "1.1.1",
      "resolved": "https://registry.npmjs.org/clsx/-/clsx-1.1.1.tgz",
      "integrity": "sha512-6/bPho624p3S2pMyvP5kKBPXnI3ufHLObBFCfgx+LkeR5lg2XYy2hqZqUf45ypD8COn2bhgGJSUE+l5dhNBieA=="
    },
    "react-confirm-alert": {
      "version": "2.7.0",
      "resolved": "https://registry.npmjs.org/react-confirm-alert/-/react-confirm-alert-2.7.0.tgz",
      "integrity": "sha512-21NWtGK/e85+ZX3TLRpMc3IsU5Kj6Z9ElCOrkTIlwMzV9EancyXNlkqHGbtKP63a2iS6g5hOxROokmJOqKQiXA=="
    },
    "react-toastify": {
      "version": "8.0.2",
      "resolved": "https://registry.npmjs.org/react-toastify/-/react-toastify-8.0.2.tgz",
      "integrity": "sha512-0Nud2d0VD4LIevgkB4L8NYoQ5plTpfqgj2CRVxs58SGA/TTO+2Ojz4C1bLUdGUWsw0zuWqd4GJqxNuMIv0cXMw==",
      "requires": {
        "clsx": "^1.1.1"
      }
    },
    "react-top-loading-bar": {
      "version": "2.0.1",
      "resolved": "https://registry.npmjs.org/react-top-loading-bar/-/react-top-loading-bar-2.0.1.tgz",
      "integrity": "sha512-wkRlK9Rte4TU817GDcjlsCoDOxrrnvsNvK609FKyio0EIrmmqjQDz5DB8HbN88CHNZBy5Lh/OBALc03ioWFPuQ=="
    }
  }
}
